
Microsoft Visual Studio Solution File, Format Version 12.00
# Visual Studio Version 17
VisualStudioVersion = 17.12.35506.116
MinimumVisualStudioVersion = 10.0.40219.1
Project("{2150E333-8FDC-42A3-9474-1A3956D46DE8}") = "DoctorAvaliablity", "DoctorAvaliablity", "{15CC92C1-09DD-4A66-9BBF-BD7C53B3D701}"
EndProject
Project("{FAE04EC0-301F-11D3-BF4B-00C04F79EFBC}") = "DoctorAvailability.Api", "DoctorAvailability.Api\DoctorAvailability.Api.csproj", "{EB3C778C-7FB3-4CAF-8B21-24D66FD700A1}"
EndProject
Project("{FAE04EC0-301F-11D3-BF4B-00C04F79EFBC}") = "DoctorAvailability.Business", "DoctorAvailability.Business\DoctorAvailability.Business.csproj", "{9AAC2988-CA86-49B9-824B-C08CA3B5B3B2}"
EndProject
Project("{FAE04EC0-301F-11D3-BF4B-00C04F79EFBC}") = "DoctorAvailability.Data", "DoctorAvailability.Data\DoctorAvailability.Data.csproj", "{71FA3E5B-38CD-4F39-99F7-7C25D0F96977}"
EndProject
Project("{2150E333-8FDC-42A3-9474-1A3956D46DE8}") = "AppointmentBooking", "AppointmentBooking", "{E530A8BF-ED44-44F7-BF3E-4CDD377AFD4D}"
EndProject
Project("{FAE04EC0-301F-11D3-BF4B-00C04F79EFBC}") = "AppointmentBooking.Presention", "AppointmentBooking.Presention\AppointmentBooking.Presention.csproj", "{0781A4B8-16D0-4576-B185-5BF8723452BA}"
EndProject
Project("{FAE04EC0-301F-11D3-BF4B-00C04F79EFBC}") = "AppointmentBooking.Domain", "AppointmentBooking.Domain\AppointmentBooking.Domain.csproj", "{374D5781-B991-4222-B779-2D26FDACCAB6}"
EndProject
Project("{FAE04EC0-301F-11D3-BF4B-00C04F79EFBC}") = "AppointmentBooking.Infrastructure", "AppointmentBooking.Infrastructure\AppointmentBooking.Infrastructure.csproj", "{BCF7562F-9158-4968-9796-3654E5BA06DD}"
EndProject
Project("{FAE04EC0-301F-11D3-BF4B-00C04F79EFBC}") = "AppointmentBooking.Application", "AppointmentBooking.Application\AppointmentBooking.Application.csproj", "{1BDBC7DA-30F2-4028-B1ED-F139408BC4DA}"
EndProject
Project("{2150E333-8FDC-42A3-9474-1A3956D46DE8}") = "AppointmentConfirmation", "AppointmentConfirmation", "{2E25AC10-E777-4819-9413-F9F018FC599F}"
EndProject
Project("{FAE04EC0-301F-11D3-BF4B-00C04F79EFBC}") = "AppoinmentConfirmation", "AppoinmentConfirmation\AppoinmentConfirmation.csproj", "{096350C6-899A-4826-B310-D122E681087D}"
EndProject
Project("{2150E333-8FDC-42A3-9474-1A3956D46DE8}") = "DoctorAppointmentManagement", "DoctorAppointmentManagement", "{0F867241-E6F6-4845-9300-143AE6D610FF}"
EndProject
Project("{FAE04EC0-301F-11D3-BF4B-00C04F79EFBC}") = "DoctorAppointmentManagement.Presention", "DoctorAppointmentManagement.Presention\DoctorAppointmentManagement.Presention.csproj", "{45E02276-B7C6-462F-92D7-5EFF8EAC85A9}"
EndProject
Project("{FAE04EC0-301F-11D3-BF4B-00C04F79EFBC}") = "DoctorAppointmentManagement.Infrastructure", "DoctorAppointmentManagement.Infrastructure\DoctorAppointmentManagement.Infrastructure.csproj", "{83FCA35B-8A63-4849-BCC2-0EA2B1274494}"
EndProject
Project("{FAE04EC0-301F-11D3-BF4B-00C04F79EFBC}") = "DoctorAppointmentManagement.Domain", "DoctorAppointmentManagement.Domain\DoctorAppointmentManagement.Domain.csproj", "{1C7F26C9-2BDD-4060-A2B5-D4A451E16E84}"
EndProject
Project("{2150E333-8FDC-42A3-9474-1A3956D46DE8}") = "Tests", "Tests", "{96A670A0-AC11-4BFA-B461-A26C668C5699}"
EndProject
Project("{FAE04EC0-301F-11D3-BF4B-00C04F79EFBC}") = "DoctorAvailability.Api.Tests", "Tests\DoctorAvailability.Api.Tests\DoctorAvailability.Api.Tests.csproj", "{2A0E4E31-D6FF-4AE0-8EEA-8E13DDF5E62A}"
EndProject
Project("{FAE04EC0-301F-11D3-BF4B-00C04F79EFBC}") = "AppointmentBooking.Presention.Tests", "Tests\AppointmentBooking.Presention.Tests\AppointmentBooking.Presention.Tests.csproj", "{3AD2A498-5C5C-44DB-8CBA-01DBBF98A7E0}"
EndProject
Project("{FAE04EC0-301F-11D3-BF4B-00C04F79EFBC}") = "DoctorAppointmentManagement.Presention.Tests", "Tests\DoctorAppointmentManagement.Presention.Tests\DoctorAppointmentManagement.Presention.Tests.csproj", "{4EE2F3FC-8327-40A8-80AA-AE7786E23CD2}"
EndProject
Global
	GlobalSection(SolutionConfigurationPlatforms) = preSolution
		Debug|Any CPU = Debug|Any CPU
		Release|Any CPU = Release|Any CPU
	EndGlobalSection
	GlobalSection(ProjectConfigurationPlatforms) = postSolution
		{EB3C778C-7FB3-4CAF-8B21-24D66FD700A1}.Debug|Any CPU.ActiveCfg = Debug|Any CPU
		{EB3C778C-7FB3-4CAF-8B21-24D66FD700A1}.Debug|Any CPU.Build.0 = Debug|Any CPU
		{EB3C778C-7FB3-4CAF-8B21-24D66FD700A1}.Release|Any CPU.ActiveCfg = Release|Any CPU
		{EB3C778C-7FB3-4CAF-8B21-24D66FD700A1}.Release|Any CPU.Build.0 = Release|Any CPU
		{9AAC2988-CA86-49B9-824B-C08CA3B5B3B2}.Debug|Any CPU.ActiveCfg = Debug|Any CPU
		{9AAC2988-CA86-49B9-824B-C08CA3B5B3B2}.Debug|Any CPU.Build.0 = Debug|Any CPU
		{9AAC2988-CA86-49B9-824B-C08CA3B5B3B2}.Release|Any CPU.ActiveCfg = Release|Any CPU
		{9AAC2988-CA86-49B9-824B-C08CA3B5B3B2}.Release|Any CPU.Build.0 = Release|Any CPU
		{71FA3E5B-38CD-4F39-99F7-7C25D0F96977}.Debug|Any CPU.ActiveCfg = Debug|Any CPU
		{71FA3E5B-38CD-4F39-99F7-7C25D0F96977}.Debug|Any CPU.Build.0 = Debug|Any CPU
		{71FA3E5B-38CD-4F39-99F7-7C25D0F96977}.Release|Any CPU.ActiveCfg = Release|Any CPU
		{71FA3E5B-38CD-4F39-99F7-7C25D0F96977}.Release|Any CPU.Build.0 = Release|Any CPU
		{0781A4B8-16D0-4576-B185-5BF8723452BA}.Debug|Any CPU.ActiveCfg = Debug|Any CPU
		{0781A4B8-16D0-4576-B185-5BF8723452BA}.Debug|Any CPU.Build.0 = Debug|Any CPU
		{0781A4B8-16D0-4576-B185-5BF8723452BA}.Release|Any CPU.ActiveCfg = Release|Any CPU
		{0781A4B8-16D0-4576-B185-5BF8723452BA}.Release|Any CPU.Build.0 = Release|Any CPU
		{374D5781-B991-4222-B779-2D26FDACCAB6}.Debug|Any CPU.ActiveCfg = Debug|Any CPU
		{374D5781-B991-4222-B779-2D26FDACCAB6}.Debug|Any CPU.Build.0 = Debug|Any CPU
		{374D5781-B991-4222-B779-2D26FDACCAB6}.Release|Any CPU.ActiveCfg = Release|Any CPU
		{374D5781-B991-4222-B779-2D26FDACCAB6}.Release|Any CPU.Build.0 = Release|Any CPU
		{BCF7562F-9158-4968-9796-3654E5BA06DD}.Debug|Any CPU.ActiveCfg = Debug|Any CPU
		{BCF7562F-9158-4968-9796-3654E5BA06DD}.Debug|Any CPU.Build.0 = Debug|Any CPU
		{BCF7562F-9158-4968-9796-3654E5BA06DD}.Release|Any CPU.ActiveCfg = Release|Any CPU
		{BCF7562F-9158-4968-9796-3654E5BA06DD}.Release|Any CPU.Build.0 = Release|Any CPU
		{1BDBC7DA-30F2-4028-B1ED-F139408BC4DA}.Debug|Any CPU.ActiveCfg = Debug|Any CPU
		{1BDBC7DA-30F2-4028-B1ED-F139408BC4DA}.Debug|Any CPU.Build.0 = Debug|Any CPU
		{1BDBC7DA-30F2-4028-B1ED-F139408BC4DA}.Release|Any CPU.ActiveCfg = Release|Any CPU
		{1BDBC7DA-30F2-4028-B1ED-F139408BC4DA}.Release|Any CPU.Build.0 = Release|Any CPU
		{096350C6-899A-4826-B310-D122E681087D}.Debug|Any CPU.ActiveCfg = Debug|Any CPU
		{096350C6-899A-4826-B310-D122E681087D}.Debug|Any CPU.Build.0 = Debug|Any CPU
		{096350C6-899A-4826-B310-D122E681087D}.Release|Any CPU.ActiveCfg = Release|Any CPU
		{096350C6-899A-4826-B310-D122E681087D}.Release|Any CPU.Build.0 = Release|Any CPU
		{45E02276-B7C6-462F-92D7-5EFF8EAC85A9}.Debug|Any CPU.ActiveCfg = Debug|Any CPU
		{45E02276-B7C6-462F-92D7-5EFF8EAC85A9}.Debug|Any CPU.Build.0 = Debug|Any CPU
		{45E02276-B7C6-462F-92D7-5EFF8EAC85A9}.Release|Any CPU.ActiveCfg = Release|Any CPU
		{45E02276-B7C6-462F-92D7-5EFF8EAC85A9}.Release|Any CPU.Build.0 = Release|Any CPU
		{83FCA35B-8A63-4849-BCC2-0EA2B1274494}.Debug|Any CPU.ActiveCfg = Debug|Any CPU
		{83FCA35B-8A63-4849-BCC2-0EA2B1274494}.Debug|Any CPU.Build.0 = Debug|Any CPU
		{83FCA35B-8A63-4849-BCC2-0EA2B1274494}.Release|Any CPU.ActiveCfg = Release|Any CPU
		{83FCA35B-8A63-4849-BCC2-0EA2B1274494}.Release|Any CPU.Build.0 = Release|Any CPU
		{1C7F26C9-2BDD-4060-A2B5-D4A451E16E84}.Debug|Any CPU.ActiveCfg = Debug|Any CPU
		{1C7F26C9-2BDD-4060-A2B5-D4A451E16E84}.Debug|Any CPU.Build.0 = Debug|Any CPU
		{1C7F26C9-2BDD-4060-A2B5-D4A451E16E84}.Release|Any CPU.ActiveCfg = Release|Any CPU
		{1C7F26C9-2BDD-4060-A2B5-D4A451E16E84}.Release|Any CPU.Build.0 = Release|Any CPU
		{2A0E4E31-D6FF-4AE0-8EEA-8E13DDF5E62A}.Debug|Any CPU.ActiveCfg = Debug|Any CPU
		{2A0E4E31-D6FF-4AE0-8EEA-8E13DDF5E62A}.Debug|Any CPU.Build.0 = Debug|Any CPU
		{2A0E4E31-D6FF-4AE0-8EEA-8E13DDF5E62A}.Release|Any CPU.ActiveCfg = Release|Any CPU
		{2A0E4E31-D6FF-4AE0-8EEA-8E13DDF5E62A}.Release|Any CPU.Build.0 = Release|Any CPU
		{3AD2A498-5C5C-44DB-8CBA-01DBBF98A7E0}.Debug|Any CPU.ActiveCfg = Debug|Any CPU
		{3AD2A498-5C5C-44DB-8CBA-01DBBF98A7E0}.Debug|Any CPU.Build.0 = Debug|Any CPU
		{3AD2A498-5C5C-44DB-8CBA-01DBBF98A7E0}.Release|Any CPU.ActiveCfg = Release|Any CPU
		{3AD2A498-5C5C-44DB-8CBA-01DBBF98A7E0}.Release|Any CPU.Build.0 = Release|Any CPU
		{4EE2F3FC-8327-40A8-80AA-AE7786E23CD2}.Debug|Any CPU.ActiveCfg = Debug|Any CPU
		{4EE2F3FC-8327-40A8-80AA-AE7786E23CD2}.Debug|Any CPU.Build.0 = Debug|Any CPU
		{4EE2F3FC-8327-40A8-80AA-AE7786E23CD2}.Release|Any CPU.ActiveCfg = Release|Any CPU
		{4EE2F3FC-8327-40A8-80AA-AE7786E23CD2}.Release|Any CPU.Build.0 = Release|Any CPU
	EndGlobalSection
	GlobalSection(SolutionProperties) = preSolution
		HideSolutionNode = FALSE
	EndGlobalSection
	GlobalSection(NestedProjects) = preSolution
		{EB3C778C-7FB3-4CAF-8B21-24D66FD700A1} = {15CC92C1-09DD-4A66-9BBF-BD7C53B3D701}
		{9AAC2988-CA86-49B9-824B-C08CA3B5B3B2} = {15CC92C1-09DD-4A66-9BBF-BD7C53B3D701}
		{71FA3E5B-38CD-4F39-99F7-7C25D0F96977} = {15CC92C1-09DD-4A66-9BBF-BD7C53B3D701}
		{0781A4B8-16D0-4576-B185-5BF8723452BA} = {E530A8BF-ED44-44F7-BF3E-4CDD377AFD4D}
		{374D5781-B991-4222-B779-2D26FDACCAB6} = {E530A8BF-ED44-44F7-BF3E-4CDD377AFD4D}
		{BCF7562F-9158-4968-9796-3654E5BA06DD} = {E530A8BF-ED44-44F7-BF3E-4CDD377AFD4D}
		{1BDBC7DA-30F2-4028-B1ED-F139408BC4DA} = {E530A8BF-ED44-44F7-BF3E-4CDD377AFD4D}
		{096350C6-899A-4826-B310-D122E681087D} = {2E25AC10-E777-4819-9413-F9F018FC599F}
		{45E02276-B7C6-462F-92D7-5EFF8EAC85A9} = {0F867241-E6F6-4845-9300-143AE6D610FF}
		{83FCA35B-8A63-4849-BCC2-0EA2B1274494} = {0F867241-E6F6-4845-9300-143AE6D610FF}
		{1C7F26C9-2BDD-4060-A2B5-D4A451E16E84} = {0F867241-E6F6-4845-9300-143AE6D610FF}
		{2A0E4E31-D6FF-4AE0-8EEA-8E13DDF5E62A} = {96A670A0-AC11-4BFA-B461-A26C668C5699}
		{3AD2A498-5C5C-44DB-8CBA-01DBBF98A7E0} = {96A670A0-AC11-4BFA-B461-A26C668C5699}
		{4EE2F3FC-8327-40A8-80AA-AE7786E23CD2} = {96A670A0-AC11-4BFA-B461-A26C668C5699}
	EndGlobalSection
EndGlobal
